
Microsoft Visual Studio Solution File, Format Version 12.00
# Visual Studio 15
VisualStudioVersion = 15.0.28307.1082
MinimumVisualStudioVersion = 10.0.40219.1
Project("{888888A0-9F3D-457C-B088-3A5042F75D52}") = "DeepFactorAlpha", "DeepFactorAlpha.pyproj", "{0995DDE9-005D-4C15-B334-2DC16B3D46BF}"
EndProject
Global
	GlobalSection(SolutionConfigurationPlatforms) = preSolution
		Debug|Any CPU = Debug|Any CPU
		Release|Any CPU = Release|Any CPU
	EndGlobalSection
	GlobalSection(ProjectConfigurationPlatforms) = postSolution
		{0995DDE9-005D-4C15-B334-2DC16B3D46BF}.Debug|Any CPU.ActiveCfg = Debug|Any CPU
		{0995DDE9-005D-4C15-B334-2DC16B3D46BF}.Release|Any CPU.ActiveCfg = Release|Any CPU
	EndGlobalSection
	GlobalSection(SolutionProperties) = preSolution
		HideSolutionNode = FALSE
	EndGlobalSection
	GlobalSection(ExtensibilityGlobals) = postSolution
		SolutionGuid = {809E4EFC-D22B-4A39-A212-8FD8559DD4A0}
	EndGlobalSection
EndGlobal
